
Microsoft Visual Studio Solution File, Format Version 12.00
# Visual Studio 14
VisualStudioVersion = 14.0.25420.1
MinimumVisualStudioVersion = 10.0.40219.1
Project("{8BC9CEB8-8B4A-11D0-8D11-00A0C91BC942}") = "XThread", "XThread.vcxproj", "{9E5F82B5-A502-488D-9127-CBAE0031FE86}"
EndProject
Project("{8BC9CEB8-8B4A-11D0-8D11-00A0C91BC942}") = "test_XThread", "..\test_XThread\test_XThread.vcxproj", "{6E38F54F-3B99-4AC8-B0CD-9CD9F52D1CEA}"
	ProjectSection(ProjectDependencies) = postProject
		{9E5F82B5-A502-488D-9127-CBAE0031FE86} = {9E5F82B5-A502-488D-9127-CBAE0031FE86}
	EndProjectSection
EndProject
Global
	GlobalSection(SolutionConfigurationPlatforms) = preSolution
		Debug|x64 = Debug|x64
		Debug|x86 = Debug|x86
		Release|x64 = Release|x64
		Release|x86 = Release|x86
	EndGlobalSection
	GlobalSection(ProjectConfigurationPlatforms) = postSolution
		{9E5F82B5-A502-488D-9127-CBAE0031FE86}.Debug|x64.ActiveCfg = Debug|x64
		{9E5F82B5-A502-488D-9127-CBAE0031FE86}.Debug|x64.Build.0 = Debug|x64
		{9E5F82B5-A502-488D-9127-CBAE0031FE86}.Debug|x86.ActiveCfg = Debug|Win32
		{9E5F82B5-A502-488D-9127-CBAE0031FE86}.Debug|x86.Build.0 = Debug|Win32
		{9E5F82B5-A502-488D-9127-CBAE0031FE86}.Release|x64.ActiveCfg = Release|x64
		{9E5F82B5-A502-488D-9127-CBAE0031FE86}.Release|x64.Build.0 = Release|x64
		{9E5F82B5-A502-488D-9127-CBAE0031FE86}.Release|x86.ActiveCfg = Release|Win32
		{9E5F82B5-A502-488D-9127-CBAE0031FE86}.Release|x86.Build.0 = Release|Win32
		{6E38F54F-3B99-4AC8-B0CD-9CD9F52D1CEA}.Debug|x64.ActiveCfg = Debug|x64
		{6E38F54F-3B99-4AC8-B0CD-9CD9F52D1CEA}.Debug|x64.Build.0 = Debug|x64
		{6E38F54F-3B99-4AC8-B0CD-9CD9F52D1CEA}.Debug|x86.ActiveCfg = Debug|Win32
		{6E38F54F-3B99-4AC8-B0CD-9CD9F52D1CEA}.Debug|x86.Build.0 = Debug|Win32
		{6E38F54F-3B99-4AC8-B0CD-9CD9F52D1CEA}.Release|x64.ActiveCfg = Release|x64
		{6E38F54F-3B99-4AC8-B0CD-9CD9F52D1CEA}.Release|x64.Build.0 = Release|x64
		{6E38F54F-3B99-4AC8-B0CD-9CD9F52D1CEA}.Release|x86.ActiveCfg = Release|Win32
		{6E38F54F-3B99-4AC8-B0CD-9CD9F52D1CEA}.Release|x86.Build.0 = Release|Win32
	EndGlobalSection
	GlobalSection(SolutionProperties) = preSolution
		HideSolutionNode = FALSE
	EndGlobalSection
EndGlobal
